
Microsoft Visual Studio Solution File, Format Version 12.00
# Visual Studio Version 16
VisualStudioVersion = 16.0.29123.88
MinimumVisualStudioVersion = 10.0.40219.1
Project("{FAE04EC0-301F-11D3-BF4B-00C04F79EFBC}") = "RepasoPoo", "RepasoPoo\RepasoPoo.csproj", "{3FACE869-C19B-4EA3-B2DF-D4BB974D258F}"
EndProject
Global
	GlobalSection(SolutionConfigurationPlatforms) = preSolution
		Debug|Any CPU = Debug|Any CPU
		Release|Any CPU = Release|Any CPU
	EndGlobalSection
	GlobalSection(ProjectConfigurationPlatforms) = postSolution
		{3FACE869-C19B-4EA3-B2DF-D4BB974D258F}.Debug|Any CPU.ActiveCfg = Debug|Any CPU
		{3FACE869-C19B-4EA3-B2DF-D4BB974D258F}.Debug|Any CPU.Build.0 = Debug|Any CPU
		{3FACE869-C19B-4EA3-B2DF-D4BB974D258F}.Release|Any CPU.ActiveCfg = Release|Any CPU
		{3FACE869-C19B-4EA3-B2DF-D4BB974D258F}.Release|Any CPU.Build.0 = Release|Any CPU
	EndGlobalSection
	GlobalSection(SolutionProperties) = preSolution
		HideSolutionNode = FALSE
	EndGlobalSection
	GlobalSection(ExtensibilityGlobals) = postSolution
		SolutionGuid = {D711B579-0072-4901-ADFF-1C237AB075CA}
	EndGlobalSection
EndGlobal
